
Microsoft Visual Studio Solution File, Format Version 12.00
# Visual Studio 14
VisualStudioVersion = 14.0.25420.1
MinimumVisualStudioVersion = 10.0.40219.1
Project("{2150E333-8FDC-42A3-9474-1A3956D46DE8}") = "00 Utilities", "00 Utilities", "{C8F9D5EA-EB93-4574-AD3C-33CC27E4CE39}"
EndProject
Project("{FAE04EC0-301F-11D3-BF4B-00C04F79EFBC}") = "Lx.Utilities.Contract", "Lx.Utilities.Contract\Lx.Utilities.Contract.csproj", "{B40ABC90-1F20-49A5-8734-92E8A13A183F}"
EndProject
Project("{FAE04EC0-301F-11D3-BF4B-00C04F79EFBC}") = "Lx.Utilities.Services", "Lx.Utilities.Services\Lx.Utilities.Services.csproj", "{E732222F-4036-4A90-952D-4B72CBDAED08}"
EndProject
Project("{2150E333-8FDC-42A3-9474-1A3956D46DE8}") = "01 Identity", "01 Identity", "{DEF46C3D-3C8C-497C-83D3-0928DF20CB74}"
EndProject
Project("{2150E333-8FDC-42A3-9474-1A3956D46DE8}") = "02 Authentication", "02 Authentication", "{187A5A1B-4D16-4E7B-B07C-C52F0C4CE29D}"
EndProject
Project("{2150E333-8FDC-42A3-9474-1A3956D46DE8}") = "_Apps", "_Apps", "{12D36C98-0493-4DD6-BF28-C1ED8FC1496E}"
EndProject
Project("{2150E333-8FDC-42A3-9474-1A3956D46DE8}") = "Core", "Core", "{EA8AD67B-ACBB-40AD-9195-1E5B66E78691}"
EndProject
Project("{2150E333-8FDC-42A3-9474-1A3956D46DE8}") = "Adapters", "Adapters", "{36345688-5830-43EF-ABE1-0B8E18C1D754}"
EndProject
Project("{FAE04EC0-301F-11D3-BF4B-00C04F79EFBC}") = "Lx.Identity.Persistence", "Lx.Identity.Persistence\Lx.Identity.Persistence.csproj", "{97BD1BEF-74CD-47A2-9840-8B821E982110}"
EndProject
Project("{FAE04EC0-301F-11D3-BF4B-00C04F79EFBC}") = "Lx.Identity.Contracts", "Lx.Identity.Contracts\Lx.Identity.Contracts.csproj", "{B115B835-1DD1-490D-A101-C8908D2A5E54}"
EndProject
Project("{FAE04EC0-301F-11D3-BF4B-00C04F79EFBC}") = "Lx.Identity.Domain", "Lx.Identity.Domain\Lx.Identity.Domain.csproj", "{818DDD07-ECFD-4337-AE5E-6F110470123F}"
EndProject
Project("{FAE04EC0-301F-11D3-BF4B-00C04F79EFBC}") = "Lx.Identity.Services", "Lx.Identity.Services\Lx.Identity.Services.csproj", "{0A887CA1-5FFF-4DBF-8CD1-D7EA8AB05B75}"
EndProject
Project("{2150E333-8FDC-42A3-9474-1A3956D46DE8}") = "Secondary", "Secondary", "{8E5CE658-3CF6-4247-80A8-8779132EDE0F}"
EndProject
Project("{FAE04EC0-301F-11D3-BF4B-00C04F79EFBC}") = "Lx.Utilities.Modelling", "Lx.Utilities.Modelling\Lx.Utilities.Modelling.csproj", "{3AC3F053-3213-4AED-9EBC-4252C6188092}"
EndProject
Global
	GlobalSection(SolutionConfigurationPlatforms) = preSolution
		Debug|Any CPU = Debug|Any CPU
		Release|Any CPU = Release|Any CPU
	EndGlobalSection
	GlobalSection(ProjectConfigurationPlatforms) = postSolution
		{B40ABC90-1F20-49A5-8734-92E8A13A183F}.Debug|Any CPU.ActiveCfg = Debug|Any CPU
		{B40ABC90-1F20-49A5-8734-92E8A13A183F}.Debug|Any CPU.Build.0 = Debug|Any CPU
		{B40ABC90-1F20-49A5-8734-92E8A13A183F}.Release|Any CPU.ActiveCfg = Release|Any CPU
		{B40ABC90-1F20-49A5-8734-92E8A13A183F}.Release|Any CPU.Build.0 = Release|Any CPU
		{E732222F-4036-4A90-952D-4B72CBDAED08}.Debug|Any CPU.ActiveCfg = Debug|Any CPU
		{E732222F-4036-4A90-952D-4B72CBDAED08}.Debug|Any CPU.Build.0 = Debug|Any CPU
		{E732222F-4036-4A90-952D-4B72CBDAED08}.Release|Any CPU.ActiveCfg = Release|Any CPU
		{E732222F-4036-4A90-952D-4B72CBDAED08}.Release|Any CPU.Build.0 = Release|Any CPU
		{97BD1BEF-74CD-47A2-9840-8B821E982110}.Debug|Any CPU.ActiveCfg = Debug|Any CPU
		{97BD1BEF-74CD-47A2-9840-8B821E982110}.Debug|Any CPU.Build.0 = Debug|Any CPU
		{97BD1BEF-74CD-47A2-9840-8B821E982110}.Release|Any CPU.ActiveCfg = Release|Any CPU
		{97BD1BEF-74CD-47A2-9840-8B821E982110}.Release|Any CPU.Build.0 = Release|Any CPU
		{B115B835-1DD1-490D-A101-C8908D2A5E54}.Debug|Any CPU.ActiveCfg = Debug|Any CPU
		{B115B835-1DD1-490D-A101-C8908D2A5E54}.Debug|Any CPU.Build.0 = Debug|Any CPU
		{B115B835-1DD1-490D-A101-C8908D2A5E54}.Release|Any CPU.ActiveCfg = Release|Any CPU
		{B115B835-1DD1-490D-A101-C8908D2A5E54}.Release|Any CPU.Build.0 = Release|Any CPU
		{818DDD07-ECFD-4337-AE5E-6F110470123F}.Debug|Any CPU.ActiveCfg = Debug|Any CPU
		{818DDD07-ECFD-4337-AE5E-6F110470123F}.Debug|Any CPU.Build.0 = Debug|Any CPU
		{818DDD07-ECFD-4337-AE5E-6F110470123F}.Release|Any CPU.ActiveCfg = Release|Any CPU
		{818DDD07-ECFD-4337-AE5E-6F110470123F}.Release|Any CPU.Build.0 = Release|Any CPU
		{0A887CA1-5FFF-4DBF-8CD1-D7EA8AB05B75}.Debug|Any CPU.ActiveCfg = Debug|Any CPU
		{0A887CA1-5FFF-4DBF-8CD1-D7EA8AB05B75}.Debug|Any CPU.Build.0 = Debug|Any CPU
		{0A887CA1-5FFF-4DBF-8CD1-D7EA8AB05B75}.Release|Any CPU.ActiveCfg = Release|Any CPU
		{0A887CA1-5FFF-4DBF-8CD1-D7EA8AB05B75}.Release|Any CPU.Build.0 = Release|Any CPU
		{3AC3F053-3213-4AED-9EBC-4252C6188092}.Debug|Any CPU.ActiveCfg = Debug|Any CPU
		{3AC3F053-3213-4AED-9EBC-4252C6188092}.Debug|Any CPU.Build.0 = Debug|Any CPU
		{3AC3F053-3213-4AED-9EBC-4252C6188092}.Release|Any CPU.ActiveCfg = Release|Any CPU
		{3AC3F053-3213-4AED-9EBC-4252C6188092}.Release|Any CPU.Build.0 = Release|Any CPU
	EndGlobalSection
	GlobalSection(SolutionProperties) = preSolution
		HideSolutionNode = FALSE
	EndGlobalSection
	GlobalSection(NestedProjects) = preSolution
		{B40ABC90-1F20-49A5-8734-92E8A13A183F} = {C8F9D5EA-EB93-4574-AD3C-33CC27E4CE39}
		{E732222F-4036-4A90-952D-4B72CBDAED08} = {C8F9D5EA-EB93-4574-AD3C-33CC27E4CE39}
		{12D36C98-0493-4DD6-BF28-C1ED8FC1496E} = {DEF46C3D-3C8C-497C-83D3-0928DF20CB74}
		{EA8AD67B-ACBB-40AD-9195-1E5B66E78691} = {DEF46C3D-3C8C-497C-83D3-0928DF20CB74}
		{36345688-5830-43EF-ABE1-0B8E18C1D754} = {DEF46C3D-3C8C-497C-83D3-0928DF20CB74}
		{97BD1BEF-74CD-47A2-9840-8B821E982110} = {8E5CE658-3CF6-4247-80A8-8779132EDE0F}
		{B115B835-1DD1-490D-A101-C8908D2A5E54} = {EA8AD67B-ACBB-40AD-9195-1E5B66E78691}
		{818DDD07-ECFD-4337-AE5E-6F110470123F} = {EA8AD67B-ACBB-40AD-9195-1E5B66E78691}
		{0A887CA1-5FFF-4DBF-8CD1-D7EA8AB05B75} = {EA8AD67B-ACBB-40AD-9195-1E5B66E78691}
		{8E5CE658-3CF6-4247-80A8-8779132EDE0F} = {36345688-5830-43EF-ABE1-0B8E18C1D754}
		{3AC3F053-3213-4AED-9EBC-4252C6188092} = {C8F9D5EA-EB93-4574-AD3C-33CC27E4CE39}
	EndGlobalSection
EndGlobal
